
Microsoft Visual Studio Solution File, Format Version 12.00
# Visual Studio Version 16
VisualStudioVersion = 16.0.30709.132
MinimumVisualStudioVersion = 10.0.40219.1
Project("{FAE04EC0-301F-11D3-BF4B-00C04F79EFBC}") = "SpamMessenger", "SpamMessenger\SpamMessenger.csproj", "{8FE89893-A309-425B-BEB9-D82C17EDAE63}"
EndProject
Global
	GlobalSection(SolutionConfigurationPlatforms) = preSolution
		Debug|Any CPU = Debug|Any CPU
		Release|Any CPU = Release|Any CPU
	EndGlobalSection
	GlobalSection(ProjectConfigurationPlatforms) = postSolution
		{8FE89893-A309-425B-BEB9-D82C17EDAE63}.Debug|Any CPU.ActiveCfg = Debug|Any CPU
		{8FE89893-A309-425B-BEB9-D82C17EDAE63}.Debug|Any CPU.Build.0 = Debug|Any CPU
		{8FE89893-A309-425B-BEB9-D82C17EDAE63}.Release|Any CPU.ActiveCfg = Release|Any CPU
		{8FE89893-A309-425B-BEB9-D82C17EDAE63}.Release|Any CPU.Build.0 = Release|Any CPU
	EndGlobalSection
	GlobalSection(SolutionProperties) = preSolution
		HideSolutionNode = FALSE
	EndGlobalSection
	GlobalSection(ExtensibilityGlobals) = postSolution
		SolutionGuid = {689D1064-3F13-4AC6-91D4-F8B259EEF5EE}
	EndGlobalSection
EndGlobal
